
Microsoft Visual Studio Solution File, Format Version 12.00
# Visual Studio Version 17
VisualStudioVersion = 17.5.33502.453
MinimumVisualStudioVersion = 10.0.40219.1
Project("{FAE04EC0-301F-11D3-BF4B-00C04F79EFBC}") = "DailyRou", "DailyRou.csproj", "{6D063E70-C728-49E1-9E1B-5D9E733CD951}"
EndProject
Global
	GlobalSection(SolutionConfigurationPlatforms) = preSolution
		Debug|Any CPU = Debug|Any CPU
		Release|Any CPU = Release|Any CPU
	EndGlobalSection
	GlobalSection(ProjectConfigurationPlatforms) = postSolution
		{6D063E70-C728-49E1-9E1B-5D9E733CD951}.Debug|Any CPU.ActiveCfg = Debug|Any CPU
		{6D063E70-C728-49E1-9E1B-5D9E733CD951}.Debug|Any CPU.Build.0 = Debug|Any CPU
		{6D063E70-C728-49E1-9E1B-5D9E733CD951}.Release|Any CPU.ActiveCfg = Release|Any CPU
		{6D063E70-C728-49E1-9E1B-5D9E733CD951}.Release|Any CPU.Build.0 = Release|Any CPU
	EndGlobalSection
	GlobalSection(SolutionProperties) = preSolution
		HideSolutionNode = FALSE
	EndGlobalSection
	GlobalSection(ExtensibilityGlobals) = postSolution
		SolutionGuid = {00AB7558-30E8-422A-AFAD-81BDDFAF0451}
	EndGlobalSection
EndGlobal
